
Microsoft Visual Studio Solution File, Format Version 12.00
# Visual Studio Version 17
VisualStudioVersion = 17.11.35303.130
MinimumVisualStudioVersion = 10.0.40219.1
Project("{2150E333-8FDC-42A3-9474-1A3956D46DE8}") = "src", "src", "{A1783966-4AFC-4159-952B-48C12E43E396}"
EndProject
Project("{9A19103F-16F7-4668-BE54-9A1E7A4F7556}") = "DDD.Common", "src\DDD.Common\DDD.Common.csproj", "{65B510F3-97F1-4EC1-AFF6-6977510C6C24}"
EndProject
Project("{FAE04EC0-301F-11D3-BF4B-00C04F79EFBC}") = "DDD.Kitchen.Domain", "DDD.Kitchen.Domain\DDD.Kitchen.Domain.csproj", "{9ED8D8DC-1B6D-41FC-87D7-9D2E1C12FC1A}"
EndProject
Project("{2150E333-8FDC-42A3-9474-1A3956D46DE8}") = "Common", "Common", "{22BCB4DB-055F-4E89-8771-F3F9B35A3E4F}"
EndProject
Project("{2150E333-8FDC-42A3-9474-1A3956D46DE8}") = "Modules", "Modules", "{A3CD2A24-91C2-493A-ADA2-2ECBF0DEDDA3}"
EndProject
Project("{2150E333-8FDC-42A3-9474-1A3956D46DE8}") = "Kitchen", "Kitchen", "{6A9A0CA2-5D34-4D83-8671-D22EE0D0F09A}"
EndProject
Project("{FAE04EC0-301F-11D3-BF4B-00C04F79EFBC}") = "DDD.Kitchen.Infrastructure", "DDD.Kitchen.Infrastructure\DDD.Kitchen.Infrastructure.csproj", "{918C4A8E-0A62-48F5-AF6E-7779872B95E5}"
EndProject
Project("{FAE04EC0-301F-11D3-BF4B-00C04F79EFBC}") = "DDD.Kitchen.Application", "DDD.Kitchen.Application\DDD.Kitchen.Application.csproj", "{EA7D0543-C5E3-4016-AAE7-4FE845F955EE}"
EndProject
Global
	GlobalSection(SolutionConfigurationPlatforms) = preSolution
		Debug|Any CPU = Debug|Any CPU
		Release|Any CPU = Release|Any CPU
	EndGlobalSection
	GlobalSection(ProjectConfigurationPlatforms) = postSolution
		{65B510F3-97F1-4EC1-AFF6-6977510C6C24}.Debug|Any CPU.ActiveCfg = Debug|Any CPU
		{65B510F3-97F1-4EC1-AFF6-6977510C6C24}.Debug|Any CPU.Build.0 = Debug|Any CPU
		{65B510F3-97F1-4EC1-AFF6-6977510C6C24}.Release|Any CPU.ActiveCfg = Release|Any CPU
		{65B510F3-97F1-4EC1-AFF6-6977510C6C24}.Release|Any CPU.Build.0 = Release|Any CPU
		{9ED8D8DC-1B6D-41FC-87D7-9D2E1C12FC1A}.Debug|Any CPU.ActiveCfg = Debug|Any CPU
		{9ED8D8DC-1B6D-41FC-87D7-9D2E1C12FC1A}.Debug|Any CPU.Build.0 = Debug|Any CPU
		{9ED8D8DC-1B6D-41FC-87D7-9D2E1C12FC1A}.Release|Any CPU.ActiveCfg = Release|Any CPU
		{9ED8D8DC-1B6D-41FC-87D7-9D2E1C12FC1A}.Release|Any CPU.Build.0 = Release|Any CPU
		{918C4A8E-0A62-48F5-AF6E-7779872B95E5}.Debug|Any CPU.ActiveCfg = Debug|Any CPU
		{918C4A8E-0A62-48F5-AF6E-7779872B95E5}.Debug|Any CPU.Build.0 = Debug|Any CPU
		{918C4A8E-0A62-48F5-AF6E-7779872B95E5}.Release|Any CPU.ActiveCfg = Release|Any CPU
		{918C4A8E-0A62-48F5-AF6E-7779872B95E5}.Release|Any CPU.Build.0 = Release|Any CPU
		{EA7D0543-C5E3-4016-AAE7-4FE845F955EE}.Debug|Any CPU.ActiveCfg = Debug|Any CPU
		{EA7D0543-C5E3-4016-AAE7-4FE845F955EE}.Debug|Any CPU.Build.0 = Debug|Any CPU
		{EA7D0543-C5E3-4016-AAE7-4FE845F955EE}.Release|Any CPU.ActiveCfg = Release|Any CPU
		{EA7D0543-C5E3-4016-AAE7-4FE845F955EE}.Release|Any CPU.Build.0 = Release|Any CPU
	EndGlobalSection
	GlobalSection(SolutionProperties) = preSolution
		HideSolutionNode = FALSE
	EndGlobalSection
	GlobalSection(NestedProjects) = preSolution
		{22BCB4DB-055F-4E89-8771-F3F9B35A3E4F} = {A1783966-4AFC-4159-952B-48C12E43E396}
		{65B510F3-97F1-4EC1-AFF6-6977510C6C24} = {22BCB4DB-055F-4E89-8771-F3F9B35A3E4F}
		{A3CD2A24-91C2-493A-ADA2-2ECBF0DEDDA3} = {A1783966-4AFC-4159-952B-48C12E43E396}
		{6A9A0CA2-5D34-4D83-8671-D22EE0D0F09A} = {A3CD2A24-91C2-493A-ADA2-2ECBF0DEDDA3}
		{9ED8D8DC-1B6D-41FC-87D7-9D2E1C12FC1A} = {6A9A0CA2-5D34-4D83-8671-D22EE0D0F09A}
		{918C4A8E-0A62-48F5-AF6E-7779872B95E5} = {6A9A0CA2-5D34-4D83-8671-D22EE0D0F09A}
		{EA7D0543-C5E3-4016-AAE7-4FE845F955EE} = {6A9A0CA2-5D34-4D83-8671-D22EE0D0F09A}
	EndGlobalSection
EndGlobal
